
Microsoft Visual Studio Solution File, Format Version 12.00
# Visual Studio 2013
VisualStudioVersion = 12.0.40629.0
MinimumVisualStudioVersion = 10.0.40219.1
Project("{FAE04EC0-301F-11D3-BF4B-00C04F79EFBC}") = "ProjectTrackingTool", "ProjectTrackingTool\ProjectTrackingTool.csproj", "{42A3A2E8-A714-4509-B814-0EFB1BC6648B}"
EndProject
Project("{FAE04EC0-301F-11D3-BF4B-00C04F79EFBC}") = "ProjectTrackingTool.Tests", "ProjectTrackingTool.Tests\ProjectTrackingTool.Tests.csproj", "{98FA5BCA-D8DD-4B15-8A4C-AD3A506560A3}"
EndProject
Global
	GlobalSection(SolutionConfigurationPlatforms) = preSolution
		Debug|Any CPU = Debug|Any CPU
		Release|Any CPU = Release|Any CPU
	EndGlobalSection
	GlobalSection(ProjectConfigurationPlatforms) = postSolution
		{42A3A2E8-A714-4509-B814-0EFB1BC6648B}.Debug|Any CPU.ActiveCfg = Debug|Any CPU
		{42A3A2E8-A714-4509-B814-0EFB1BC6648B}.Debug|Any CPU.Build.0 = Debug|Any CPU
		{42A3A2E8-A714-4509-B814-0EFB1BC6648B}.Release|Any CPU.ActiveCfg = Release|Any CPU
		{42A3A2E8-A714-4509-B814-0EFB1BC6648B}.Release|Any CPU.Build.0 = Release|Any CPU
		{98FA5BCA-D8DD-4B15-8A4C-AD3A506560A3}.Debug|Any CPU.ActiveCfg = Debug|Any CPU
		{98FA5BCA-D8DD-4B15-8A4C-AD3A506560A3}.Debug|Any CPU.Build.0 = Debug|Any CPU
		{98FA5BCA-D8DD-4B15-8A4C-AD3A506560A3}.Release|Any CPU.ActiveCfg = Release|Any CPU
		{98FA5BCA-D8DD-4B15-8A4C-AD3A506560A3}.Release|Any CPU.Build.0 = Release|Any CPU
	EndGlobalSection
	GlobalSection(SolutionProperties) = preSolution
		HideSolutionNode = FALSE
	EndGlobalSection
EndGlobal
